
Microsoft Visual Studio Solution File, Format Version 12.00
Project("{FAE04EC0-301F-11D3-BF4B-00C04F79EFBC}") = "gRPC-Task", "gRPC-Task\gRPC-Task.csproj", "{799E705D-8121-464D-9132-9D930AC4CE2B}"
EndProject
Project("{FAE04EC0-301F-11D3-BF4B-00C04F79EFBC}") = "gRPC-Task-Client", "gRPC-Task-Client\gRPC-Task-Client.csproj", "{B07841AA-A133-43C3-B31A-8F5666F35800}"
EndProject
Global
	GlobalSection(SolutionConfigurationPlatforms) = preSolution
		Debug|Any CPU = Debug|Any CPU
		Release|Any CPU = Release|Any CPU
	EndGlobalSection
	GlobalSection(ProjectConfigurationPlatforms) = postSolution
		{799E705D-8121-464D-9132-9D930AC4CE2B}.Debug|Any CPU.ActiveCfg = Debug|Any CPU
		{799E705D-8121-464D-9132-9D930AC4CE2B}.Debug|Any CPU.Build.0 = Debug|Any CPU
		{799E705D-8121-464D-9132-9D930AC4CE2B}.Release|Any CPU.ActiveCfg = Release|Any CPU
		{799E705D-8121-464D-9132-9D930AC4CE2B}.Release|Any CPU.Build.0 = Release|Any CPU
		{B07841AA-A133-43C3-B31A-8F5666F35800}.Debug|Any CPU.ActiveCfg = Debug|Any CPU
		{B07841AA-A133-43C3-B31A-8F5666F35800}.Debug|Any CPU.Build.0 = Debug|Any CPU
		{B07841AA-A133-43C3-B31A-8F5666F35800}.Release|Any CPU.ActiveCfg = Release|Any CPU
		{B07841AA-A133-43C3-B31A-8F5666F35800}.Release|Any CPU.Build.0 = Release|Any CPU
	EndGlobalSection
EndGlobal
